
Microsoft Visual Studio Solution File, Format Version 12.00
Project("{FAE04EC0-301F-11D3-BF4B-00C04F79EFBC}") = "BootstrapIcons.Wpf", "BootstrapIcons.Wpf\BootstrapIcons.Wpf.csproj", "{22D80E0D-4C4F-4271-8215-2426EA4A3B87}"
EndProject
Project("{2150E333-8FDC-42A3-9474-1A3956D46DE8}") = ".github", ".github", "{FB045C0A-FF30-49F5-B959-0170FC7E74C1}"
EndProject
Project("{2150E333-8FDC-42A3-9474-1A3956D46DE8}") = "workflows", "workflows", "{45A2579A-6C16-47B9-9ACF-1DC7544BFAAE}"
ProjectSection(SolutionItems) = preProject
	.github\workflows\publish.yml = .github\workflows\publish.yml
	.github\workflows\pr.yml = .github\workflows\pr.yml
EndProjectSection
EndProject
Project("{2150E333-8FDC-42A3-9474-1A3956D46DE8}") = "Solution Items", "Solution Items", "{B84ADE9E-40F6-426A-A4A4-5C15AF3838C7}"
ProjectSection(SolutionItems) = preProject
	.gitignore = .gitignore
	LICENSE = LICENSE
	README.md = README.md
EndProjectSection
EndProject
Project("{FAE04EC0-301F-11D3-BF4B-00C04F79EFBC}") = "BootstrapIcons.Wpf.Demo", "BootstrapIcons.Wpf.Demo\BootstrapIcons.Wpf.Demo.csproj", "{1DE6548D-3CB7-4913-AFE3-37461AA44688}"
EndProject
Global
	GlobalSection(SolutionConfigurationPlatforms) = preSolution
		Debug|Any CPU = Debug|Any CPU
		Release|Any CPU = Release|Any CPU
	EndGlobalSection
	GlobalSection(ProjectConfigurationPlatforms) = postSolution
		{22D80E0D-4C4F-4271-8215-2426EA4A3B87}.Debug|Any CPU.ActiveCfg = Debug|Any CPU
		{22D80E0D-4C4F-4271-8215-2426EA4A3B87}.Debug|Any CPU.Build.0 = Debug|Any CPU
		{22D80E0D-4C4F-4271-8215-2426EA4A3B87}.Release|Any CPU.ActiveCfg = Release|Any CPU
		{22D80E0D-4C4F-4271-8215-2426EA4A3B87}.Release|Any CPU.Build.0 = Release|Any CPU
		{1DE6548D-3CB7-4913-AFE3-37461AA44688}.Debug|Any CPU.ActiveCfg = Debug|Any CPU
		{1DE6548D-3CB7-4913-AFE3-37461AA44688}.Debug|Any CPU.Build.0 = Debug|Any CPU
		{1DE6548D-3CB7-4913-AFE3-37461AA44688}.Release|Any CPU.ActiveCfg = Release|Any CPU
		{1DE6548D-3CB7-4913-AFE3-37461AA44688}.Release|Any CPU.Build.0 = Release|Any CPU
	EndGlobalSection
	GlobalSection(NestedProjects) = preSolution
		{45A2579A-6C16-47B9-9ACF-1DC7544BFAAE} = {FB045C0A-FF30-49F5-B959-0170FC7E74C1}
	EndGlobalSection
EndGlobal
